
Microsoft Visual Studio Solution File, Format Version 12.00
# Visual Studio Version 16
VisualStudioVersion = 16.0.30225.117
MinimumVisualStudioVersion = 10.0.40219.1
Project("{FAE04EC0-301F-11D3-BF4B-00C04F79EFBC}") = "ClubManagementSystem", "ClubManagementSystem\ClubManagementSystem.csproj", "{F69B7517-D803-48FC-A1AD-FCC5CBD909CA}"
EndProject
Global
	GlobalSection(SolutionConfigurationPlatforms) = preSolution
		Debug|Any CPU = Debug|Any CPU
		Release|Any CPU = Release|Any CPU
	EndGlobalSection
	GlobalSection(ProjectConfigurationPlatforms) = postSolution
		{F69B7517-D803-48FC-A1AD-FCC5CBD909CA}.Debug|Any CPU.ActiveCfg = Debug|Any CPU
		{F69B7517-D803-48FC-A1AD-FCC5CBD909CA}.Debug|Any CPU.Build.0 = Debug|Any CPU
		{F69B7517-D803-48FC-A1AD-FCC5CBD909CA}.Release|Any CPU.ActiveCfg = Release|Any CPU
		{F69B7517-D803-48FC-A1AD-FCC5CBD909CA}.Release|Any CPU.Build.0 = Release|Any CPU
	EndGlobalSection
	GlobalSection(SolutionProperties) = preSolution
		HideSolutionNode = FALSE
	EndGlobalSection
	GlobalSection(ExtensibilityGlobals) = postSolution
		SolutionGuid = {C98BFA35-D016-4400-A5D6-AC858805E03B}
	EndGlobalSection
EndGlobal
