
Microsoft Visual Studio Solution File, Format Version 12.00
# Visual Studio Version 16
VisualStudioVersion = 16.0.30225.117
MinimumVisualStudioVersion = 10.0.40219.1
Project("{FAE04EC0-301F-11D3-BF4B-00C04F79EFBC}") = "ObjectOFAllType", "ObjectOFAllType\ObjectOFAllType.csproj", "{7AD95E38-5B66-4FB3-9AD8-511F5D527892}"
EndProject
Global
	GlobalSection(SolutionConfigurationPlatforms) = preSolution
		Debug|Any CPU = Debug|Any CPU
		Release|Any CPU = Release|Any CPU
	EndGlobalSection
	GlobalSection(ProjectConfigurationPlatforms) = postSolution
		{7AD95E38-5B66-4FB3-9AD8-511F5D527892}.Debug|Any CPU.ActiveCfg = Debug|Any CPU
		{7AD95E38-5B66-4FB3-9AD8-511F5D527892}.Debug|Any CPU.Build.0 = Debug|Any CPU
		{7AD95E38-5B66-4FB3-9AD8-511F5D527892}.Release|Any CPU.ActiveCfg = Release|Any CPU
		{7AD95E38-5B66-4FB3-9AD8-511F5D527892}.Release|Any CPU.Build.0 = Release|Any CPU
	EndGlobalSection
	GlobalSection(SolutionProperties) = preSolution
		HideSolutionNode = FALSE
	EndGlobalSection
	GlobalSection(ExtensibilityGlobals) = postSolution
		SolutionGuid = {264E8BCB-315F-4DA2-94EE-7A5FDA27EA5D}
	EndGlobalSection
EndGlobal
