
Microsoft Visual Studio Solution File, Format Version 12.00
# Visual Studio Version 16
VisualStudioVersion = 16.0.30225.117
MinimumVisualStudioVersion = 10.0.40219.1
Project("{FAE04EC0-301F-11D3-BF4B-00C04F79EFBC}") = "WFAManagement", "WFAManagement\WFAManagement.csproj", "{C731DB4B-B470-4C08-A058-495AD99B347D}"
EndProject
Global
	GlobalSection(SolutionConfigurationPlatforms) = preSolution
		Debug|Any CPU = Debug|Any CPU
		Release|Any CPU = Release|Any CPU
	EndGlobalSection
	GlobalSection(ProjectConfigurationPlatforms) = postSolution
		{C731DB4B-B470-4C08-A058-495AD99B347D}.Debug|Any CPU.ActiveCfg = Debug|Any CPU
		{C731DB4B-B470-4C08-A058-495AD99B347D}.Debug|Any CPU.Build.0 = Debug|Any CPU
		{C731DB4B-B470-4C08-A058-495AD99B347D}.Release|Any CPU.ActiveCfg = Release|Any CPU
		{C731DB4B-B470-4C08-A058-495AD99B347D}.Release|Any CPU.Build.0 = Release|Any CPU
	EndGlobalSection
	GlobalSection(SolutionProperties) = preSolution
		HideSolutionNode = FALSE
	EndGlobalSection
	GlobalSection(ExtensibilityGlobals) = postSolution
		SolutionGuid = {DB0597CE-64E5-49E6-A26D-9714C6B37F6B}
	EndGlobalSection
EndGlobal
