
Microsoft Visual Studio Solution File, Format Version 12.00
# Visual Studio Version 16
VisualStudioVersion = 16.0.30225.117
MinimumVisualStudioVersion = 10.0.40219.1
Project("{FAE04EC0-301F-11D3-BF4B-00C04F79EFBC}") = "ourtput", "ourtput\ourtput.csproj", "{D993A6C2-6704-4D11-A91E-1A04217947EE}"
EndProject
Global
	GlobalSection(SolutionConfigurationPlatforms) = preSolution
		Debug|Any CPU = Debug|Any CPU
		Release|Any CPU = Release|Any CPU
	EndGlobalSection
	GlobalSection(ProjectConfigurationPlatforms) = postSolution
		{D993A6C2-6704-4D11-A91E-1A04217947EE}.Debug|Any CPU.ActiveCfg = Debug|Any CPU
		{D993A6C2-6704-4D11-A91E-1A04217947EE}.Debug|Any CPU.Build.0 = Debug|Any CPU
		{D993A6C2-6704-4D11-A91E-1A04217947EE}.Release|Any CPU.ActiveCfg = Release|Any CPU
		{D993A6C2-6704-4D11-A91E-1A04217947EE}.Release|Any CPU.Build.0 = Release|Any CPU
	EndGlobalSection
	GlobalSection(SolutionProperties) = preSolution
		HideSolutionNode = FALSE
	EndGlobalSection
	GlobalSection(ExtensibilityGlobals) = postSolution
		SolutionGuid = {EC23E621-9FB3-486A-8F58-2978CB34A12B}
	EndGlobalSection
EndGlobal
