
Microsoft Visual Studio Solution File, Format Version 12.00
# Visual Studio Version 16
VisualStudioVersion = 16.0.30225.117
MinimumVisualStudioVersion = 10.0.40219.1
Project("{FAE04EC0-301F-11D3-BF4B-00C04F79EFBC}") = "WFADBLogin", "WFADBLogin\WFADBLogin.csproj", "{7310D8D2-C91F-44E7-AD85-FBFFA8FC7D5E}"
EndProject
Global
	GlobalSection(SolutionConfigurationPlatforms) = preSolution
		Debug|Any CPU = Debug|Any CPU
		Release|Any CPU = Release|Any CPU
	EndGlobalSection
	GlobalSection(ProjectConfigurationPlatforms) = postSolution
		{7310D8D2-C91F-44E7-AD85-FBFFA8FC7D5E}.Debug|Any CPU.ActiveCfg = Debug|Any CPU
		{7310D8D2-C91F-44E7-AD85-FBFFA8FC7D5E}.Debug|Any CPU.Build.0 = Debug|Any CPU
		{7310D8D2-C91F-44E7-AD85-FBFFA8FC7D5E}.Release|Any CPU.ActiveCfg = Release|Any CPU
		{7310D8D2-C91F-44E7-AD85-FBFFA8FC7D5E}.Release|Any CPU.Build.0 = Release|Any CPU
	EndGlobalSection
	GlobalSection(SolutionProperties) = preSolution
		HideSolutionNode = FALSE
	EndGlobalSection
	GlobalSection(ExtensibilityGlobals) = postSolution
		SolutionGuid = {744B7B3E-451D-467F-86D2-21FA623026DC}
	EndGlobalSection
EndGlobal
