
Microsoft Visual Studio Solution File, Format Version 12.00
# Visual Studio Version 16
VisualStudioVersion = 16.0.30225.117
MinimumVisualStudioVersion = 10.0.40219.1
Project("{FAE04EC0-301F-11D3-BF4B-00C04F79EFBC}") = "Calculator", "Calculator\Calculator.csproj", "{B766FEAC-D80A-4AE4-8E7B-358FCA4644D6}"
EndProject
Global
	GlobalSection(SolutionConfigurationPlatforms) = preSolution
		Debug|Any CPU = Debug|Any CPU
		Release|Any CPU = Release|Any CPU
	EndGlobalSection
	GlobalSection(ProjectConfigurationPlatforms) = postSolution
		{B766FEAC-D80A-4AE4-8E7B-358FCA4644D6}.Debug|Any CPU.ActiveCfg = Debug|Any CPU
		{B766FEAC-D80A-4AE4-8E7B-358FCA4644D6}.Debug|Any CPU.Build.0 = Debug|Any CPU
		{B766FEAC-D80A-4AE4-8E7B-358FCA4644D6}.Release|Any CPU.ActiveCfg = Release|Any CPU
		{B766FEAC-D80A-4AE4-8E7B-358FCA4644D6}.Release|Any CPU.Build.0 = Release|Any CPU
	EndGlobalSection
	GlobalSection(SolutionProperties) = preSolution
		HideSolutionNode = FALSE
	EndGlobalSection
	GlobalSection(ExtensibilityGlobals) = postSolution
		SolutionGuid = {4AFE934B-D285-4F75-9F6C-F0EB92947548}
	EndGlobalSection
EndGlobal
