
Microsoft Visual Studio Solution File, Format Version 12.00
# Visual Studio Version 16
VisualStudioVersion = 16.0.30225.117
MinimumVisualStudioVersion = 10.0.40219.1
Project("{FAE04EC0-301F-11D3-BF4B-00C04F79EFBC}") = "Structure", "Structure\Structure.csproj", "{AE930F54-E70E-4256-8A64-41764238A5C4}"
EndProject
Global
	GlobalSection(SolutionConfigurationPlatforms) = preSolution
		Debug|Any CPU = Debug|Any CPU
		Release|Any CPU = Release|Any CPU
	EndGlobalSection
	GlobalSection(ProjectConfigurationPlatforms) = postSolution
		{AE930F54-E70E-4256-8A64-41764238A5C4}.Debug|Any CPU.ActiveCfg = Debug|Any CPU
		{AE930F54-E70E-4256-8A64-41764238A5C4}.Debug|Any CPU.Build.0 = Debug|Any CPU
		{AE930F54-E70E-4256-8A64-41764238A5C4}.Release|Any CPU.ActiveCfg = Release|Any CPU
		{AE930F54-E70E-4256-8A64-41764238A5C4}.Release|Any CPU.Build.0 = Release|Any CPU
	EndGlobalSection
	GlobalSection(SolutionProperties) = preSolution
		HideSolutionNode = FALSE
	EndGlobalSection
	GlobalSection(ExtensibilityGlobals) = postSolution
		SolutionGuid = {C7993CD5-8394-4B81-AAB0-19D430F3CC3B}
	EndGlobalSection
EndGlobal
