
Microsoft Visual Studio Solution File, Format Version 12.00
# Visual Studio Version 16
VisualStudioVersion = 16.0.30225.117
MinimumVisualStudioVersion = 10.0.40219.1
Project("{FAE04EC0-301F-11D3-BF4B-00C04F79EFBC}") = "MidProject", "MidProject\MidProject.csproj", "{4913FAFB-E9BB-43F6-917C-792866938390}"
EndProject
Global
	GlobalSection(SolutionConfigurationPlatforms) = preSolution
		Debug|Any CPU = Debug|Any CPU
		Release|Any CPU = Release|Any CPU
	EndGlobalSection
	GlobalSection(ProjectConfigurationPlatforms) = postSolution
		{4913FAFB-E9BB-43F6-917C-792866938390}.Debug|Any CPU.ActiveCfg = Debug|Any CPU
		{4913FAFB-E9BB-43F6-917C-792866938390}.Debug|Any CPU.Build.0 = Debug|Any CPU
		{4913FAFB-E9BB-43F6-917C-792866938390}.Release|Any CPU.ActiveCfg = Release|Any CPU
		{4913FAFB-E9BB-43F6-917C-792866938390}.Release|Any CPU.Build.0 = Release|Any CPU
	EndGlobalSection
	GlobalSection(SolutionProperties) = preSolution
		HideSolutionNode = FALSE
	EndGlobalSection
	GlobalSection(ExtensibilityGlobals) = postSolution
		SolutionGuid = {390EDCCE-A849-488D-B254-EDA4994C8669}
	EndGlobalSection
EndGlobal
