
Microsoft Visual Studio Solution File, Format Version 12.00
# Visual Studio Version 16
VisualStudioVersion = 16.0.30225.117
MinimumVisualStudioVersion = 10.0.40219.1
Project("{FAE04EC0-301F-11D3-BF4B-00C04F79EFBC}") = "OneClassinDifferentClass", "OneClassinDifferentClass\OneClassinDifferentClass.csproj", "{F5ACE20E-299A-40EC-BA8F-18A2A9D18011}"
EndProject
Global
	GlobalSection(SolutionConfigurationPlatforms) = preSolution
		Debug|Any CPU = Debug|Any CPU
		Release|Any CPU = Release|Any CPU
	EndGlobalSection
	GlobalSection(ProjectConfigurationPlatforms) = postSolution
		{F5ACE20E-299A-40EC-BA8F-18A2A9D18011}.Debug|Any CPU.ActiveCfg = Debug|Any CPU
		{F5ACE20E-299A-40EC-BA8F-18A2A9D18011}.Debug|Any CPU.Build.0 = Debug|Any CPU
		{F5ACE20E-299A-40EC-BA8F-18A2A9D18011}.Release|Any CPU.ActiveCfg = Release|Any CPU
		{F5ACE20E-299A-40EC-BA8F-18A2A9D18011}.Release|Any CPU.Build.0 = Release|Any CPU
	EndGlobalSection
	GlobalSection(SolutionProperties) = preSolution
		HideSolutionNode = FALSE
	EndGlobalSection
	GlobalSection(ExtensibilityGlobals) = postSolution
		SolutionGuid = {A0FDA4E3-9BC8-4317-8B07-16875B2FB96C}
	EndGlobalSection
EndGlobal
